
Microsoft Visual Studio Solution File, Format Version 12.00
# Visual Studio Version 17
VisualStudioVersion = 17.6.33829.357
MinimumVisualStudioVersion = 10.0.40219.1
Project("{8BC9CEB8-8B4A-11D0-8D11-00A0C91BC942}") = "AmethystAPI", "AmethystAPI.vcxproj", "{3ED6602E-4AC9-4CCA-A8E6-DF8131ED0608}"
EndProject
Global
	GlobalSection(SolutionConfigurationPlatforms) = preSolution
		Debug|x64 = Debug|x64
		Debug|x86 = Debug|x86
		Release|x64 = Release|x64
		Release|x86 = Release|x86
		RelWithDebInfo|x64 = RelWithDebInfo|x64
		RelWithDebInfo|x86 = RelWithDebInfo|x86
	EndGlobalSection
	GlobalSection(ProjectConfigurationPlatforms) = postSolution
		{3ED6602E-4AC9-4CCA-A8E6-DF8131ED0608}.Debug|x64.ActiveCfg = Release|x64
		{3ED6602E-4AC9-4CCA-A8E6-DF8131ED0608}.Debug|x86.ActiveCfg = Release|Win32
		{3ED6602E-4AC9-4CCA-A8E6-DF8131ED0608}.Release|x64.ActiveCfg = Release|x64
		{3ED6602E-4AC9-4CCA-A8E6-DF8131ED0608}.Release|x64.Build.0 = Release|x64
		{3ED6602E-4AC9-4CCA-A8E6-DF8131ED0608}.Release|x86.ActiveCfg = Release|Win32
		{3ED6602E-4AC9-4CCA-A8E6-DF8131ED0608}.Release|x86.Build.0 = Release|Win32
		{3ED6602E-4AC9-4CCA-A8E6-DF8131ED0608}.RelWithDebInfo|x64.ActiveCfg = Release|x64
		{3ED6602E-4AC9-4CCA-A8E6-DF8131ED0608}.RelWithDebInfo|x86.ActiveCfg = Release|Win32
	EndGlobalSection
	GlobalSection(SolutionProperties) = preSolution
		HideSolutionNode = FALSE
	EndGlobalSection
	GlobalSection(ExtensibilityGlobals) = postSolution
		SolutionGuid = {98C71BDD-43E4-436F-9BBA-8CD41AFC344B}
	EndGlobalSection
EndGlobal
